// !$*UTF8*$!
{
	archiveVersion = 1;
	classes = {
	};
	objectVersion = 48;
	objects = {

/* Begin PBXBuildFile section */
		8948DB881EF3399900F20E73 /* Player.swift in Sources */ = {isa = PBXBuildFile; fileRef = 8948DB871EF3399900F20E73 /* Player.swift */; };
		89BE42541EEF3A3E00433411 /* AppDelegate.swift in Sources */ = {isa = PBXBuildFile; fileRef = 89BE42531EEF3A3E00433411 /* AppDelegate.swift */; };
		89BE42561EEF3A3E00433411 /* WelcomeVC.swift in Sources */ = {isa = PBXBuildFile; fileRef = 89BE42551EEF3A3E00433411 /* WelcomeVC.swift */; };
		89BE42591EEF3A3E00433411 /* Main.storyboard in Resources */ = {isa = PBXBuildFile; fileRef = 89BE42571EEF3A3E00433411 /* Main.storyboard */; };
		89BE425B1EEF3A3E00433411 /* Assets.xcassets in Resources */ = {isa = PBXBuildFile; fileRef = 89BE425A1EEF3A3E00433411 /* Assets.xcassets */; };
		89BE425E1EEF3A3E00433411 /* LaunchScreen.storyboard in Resources */ = {isa = PBXBuildFile; fileRef = 89BE425C1EEF3A3E00433411 /* LaunchScreen.storyboard */; };
		89BE42671EEF3EDB00433411 /* BorderButton.swift in Sources */ = {isa = PBXBuildFile; fileRef = 89BE42661EEF3EDB00433411 /* BorderButton.swift */; };
		89C65F141EF1D2540002D628 /* LeagueVC.swift in Sources */ = {isa = PBXBuildFile; fileRef = 89C65F131EF1D2540002D628 /* LeagueVC.swift */; };
		89C65F161EF1D2640002D628 /* SkillVC.swift in Sources */ = {isa = PBXBuildFile; fileRef = 89C65F151EF1D2640002D628 /* SkillVC.swift */; };
/* End PBXBuildFile section */

/* Begin PBXFileReference section */
		8948DB871EF3399900F20E73 /* Player.swift */ = {isa = PBXFileReference; lastKnownFileType = sourcecode.swift; path = Player.swift; sourceTree = "<group>"; };
		89BE42501EEF3A3E00433411 /* app-swoosh.app */ = {isa = PBXFileReference; explicitFileType = wrapper.application; includeInIndex = 0; path = "app-swoosh.app"; sourceTree = BUILT_PRODUCTS_DIR; };
		89BE42531EEF3A3E00433411 /* AppDelegate.swift */ = {isa = PBXFileReference; lastKnownFileType = sourcecode.swift; path = AppDelegate.swift; sourceTree = "<group>"; };
		89BE42551EEF3A3E00433411 /* WelcomeVC.swift */ = {isa = PBXFileReference; lastKnownFileType = sourcecode.swift; path = WelcomeVC.swift; sourceTree = "<group>"; };
		89BE42581EEF3A3E00433411 /* Base */ = {isa = PBXFileReference; lastKnownFileType = file.storyboard; name = Base; path = Base.lproj/Main.storyboard; sourceTree = "<group>"; };
		89BE425A1EEF3A3E00433411 /* Assets.xcassets */ = {isa = PBXFileReference; lastKnownFileType = folder.assetcatalog; path = Assets.xcassets; sourceTree = "<group>"; };
		89BE425D1EEF3A3E00433411 /* Base */ = {isa = PBXFileReference; lastKnownFileType = file.storyboard; name = Base; path = Base.lproj/LaunchScreen.storyboard; sourceTree = "<group>"; };
		89BE425F1EEF3A3E00433411 /* Info.plist */ = {isa = PBXFileReference; lastKnownFileType = text.plist.xml; path = Info.plist; sourceTree = "<group>"; };
		89BE42661EEF3EDB00433411 /* BorderButton.swift */ = {isa = PBXFileReference; lastKnownFileType = sourcecode.swift; path = BorderButton.swift; sourceTree = "<group>"; };
		89C65F131EF1D2540002D628 /* LeagueVC.swift */ = {isa = PBXFileReference; lastKnownFileType = sourcecode.swift; path = LeagueVC.swift; sourceTree = "<group>"; };
		89C65F151EF1D2640002D628 /* SkillVC.swift */ = {isa = PBXFileReference; lastKnownFileType = sourcecode.swift; path = SkillVC.swift; sourceTree = "<group>"; };
/* End PBXFileReference section */

/* Begin PBXFrameworksBuildPhase section */
		89BE424D1EEF3A3E00433411 /* Frameworks */ = {
			isa = PBXFrameworksBuildPhase;
			buildActionMask = 2147483647;
			files = (
			);
			runOnlyForDeploymentPostprocessing = 0;
		};
/* End PBXFrameworksBuildPhase section */

/* Begin PBXGroup section */
		89BE42471EEF3A3E00433411 = {
			isa = PBXGroup;
			children = (
				89BE42521EEF3A3E00433411 /* app-swoosh */,
				89BE42511EEF3A3E00433411 /* Products */,
			);
			sourceTree = "<group>";
		};
		89BE42511EEF3A3E00433411 /* Products */ = {
			isa = PBXGroup;
			children = (
				89BE42501EEF3A3E00433411 /* app-swoosh.app */,
			);
			name = Products;
			sourceTree = "<group>";
		};
		89BE42521EEF3A3E00433411 /* app-swoosh */ = {
			isa = PBXGroup;
			children = (
				89C65F121EF1D1B10002D628 /* Model */,
				89C65F111EF1D1AB0002D628 /* Controller */,
				89BE42651EEF3E8B00433411 /* View */,
				89BE42531EEF3A3E00433411 /* AppDelegate.swift */,
				89BE42571EEF3A3E00433411 /* Main.storyboard */,
				89BE425A1EEF3A3E00433411 /* Assets.xcassets */,
				89BE425C1EEF3A3E00433411 /* LaunchScreen.storyboard */,
				89BE425F1EEF3A3E00433411 /* Info.plist */,
			);
			path = "app-swoosh";
			sourceTree = "<group>";
		};
		89BE42651EEF3E8B00433411 /* View */ = {
			isa = PBXGroup;
			children = (
				89BE42661EEF3EDB00433411 /* BorderButton.swift */,
			);
			path = View;
			sourceTree = "<group>";
		};
		89C65F111EF1D1AB0002D628 /* Controller */ = {
			isa = PBXGroup;
			children = (
				89BE42551EEF3A3E00433411 /* WelcomeVC.swift */,
				89C65F131EF1D2540002D628 /* LeagueVC.swift */,
				89C65F151EF1D2640002D628 /* SkillVC.swift */,
			);
			path = Controller;
			sourceTree = "<group>";
		};
		89C65F121EF1D1B10002D628 /* Model */ = {
			isa = PBXGroup;
			children = (
				8948DB871EF3399900F20E73 /* Player.swift */,
			);
			path = Model;
			sourceTree = "<group>";
		};
/* End PBXGroup section */

/* Begin PBXNativeTarget section */
		89BE424F1EEF3A3E00433411 /* app-swoosh */ = {
			isa = PBXNativeTarget;
			buildConfigurationList = 89BE42621EEF3A3E00433411 /* Build configuration list for PBXNativeTarget "app-swoosh" */;
			buildPhases = (
				89BE424C1EEF3A3E00433411 /* Sources */,
				89BE424D1EEF3A3E00433411 /* Frameworks */,
				89BE424E1EEF3A3E00433411 /* Resources */,
			);
			buildRules = (
			);
			dependencies = (
			);
			name = "app-swoosh";
			productName = "app-swoosh";
			productReference = 89BE42501EEF3A3E00433411 /* app-swoosh.app */;
			productType = "com.apple.product-type.application";
		};
/* End PBXNativeTarget section */

/* Begin PBXProject section */
		89BE42481EEF3A3E00433411 /* Project object */ = {
			isa = PBXProject;
			attributes = {
				LastSwiftUpdateCheck = 0900;
				LastUpgradeCheck = 1010;
				ORGANIZATIONNAME = Devslopes;
				TargetAttributes = {
					89BE424F1EEF3A3E00433411 = {
						CreatedOnToolsVersion = 9.0;
						LastSwiftMigration = 1020;
					};
				};
			};
			buildConfigurationList = 89BE424B1EEF3A3E00433411 /* Build configuration list for PBXProject "app-swoosh" */;
			compatibilityVersion = "Xcode 8.0";
			developmentRegion = en;
			hasScannedForEncodings = 0;
			knownRegions = (
				en,
				Base,
			);
			mainGroup = 89BE42471EEF3A3E00433411;
			productRefGroup = 89BE42511EEF3A3E00433411 /* Products */;
			projectDirPath = "";
			projectRoot = "";
			targets = (
				89BE424F1EEF3A3E00433411 /* app-swoosh */,
			);
		};
/* End PBXProject section */

/* Begin PBXResourcesBuildPhase section */
		89BE424E1EEF3A3E00433411 /* Resources */ = {
			isa = PBXResourcesBuildPhase;
			buildActionMask = 2147483647;
			files = (
				89BE425E1EEF3A3E00433411 /* LaunchScreen.storyboard in Resources */,
				89BE425B1EEF3A3E00433411 /* Assets.xcassets in Resources */,
				89BE42591EEF3A3E00433411 /* Main.storyboard in Resources */,
			);
			runOnlyForDeploymentPostprocessing = 0;
		};
/* End PBXResourcesBuildPhase section */

/* Begin PBXSourcesBuildPhase section */
		89BE424C1EEF3A3E00433411 /* Sources */ = {
			isa = PBXSourcesBuildPhase;
			buildActionMask = 2147483647;
			files = (
				89BE42561EEF3A3E00433411 /* WelcomeVC.swift in Sources */,
				89C65F141EF1D2540002D628 /* LeagueVC.swift in Sources */,
				89BE42541EEF3A3E00433411 /* AppDelegate.swift in Sources */,
				89C65F161EF1D2640002D628 /* SkillVC.swift in Sources */,
				8948DB881EF3399900F20E73 /* Player.swift in Sources */,
				89BE42671EEF3EDB00433411 /* BorderButton.swift in Sources */,
			);
			runOnlyForDeploymentPostprocessing = 0;
		};
/* End PBXSourcesBuildPhase section */

/* Begin PBXVariantGroup section */
		89BE42571EEF3A3E00433411 /* Main.storyboard */ = {
			isa = PBXVariantGroup;
			children = (
				89BE42581EEF3A3E00433411 /* Base */,
			);
			name = Main.storyboard;
			sourceTree = "<group>";
		};
		89BE425C1EEF3A3E00433411 /* LaunchScreen.storyboard */ = {
			isa = PBXVariantGroup;
			children = (
				89BE425D1EEF3A3E00433411 /* Base */,
			);
			name = LaunchScreen.storyboard;
			sourceTree = "<group>";
		};
/* End PBXVariantGroup section */

/* Begin XCBuildConfiguration section */
		89BE42601EEF3A3E00433411 /* Debug */ = {
			isa = XCBuildConfiguration;
			buildSettings = {
				ALWAYS_SEARCH_USER_PATHS = NO;
				CLANG_ANALYZER_NONNULL = YES;
				CLANG_ANALYZER_NUMBER_OBJECT_CONVERSION = YES_AGGRESSIVE;
				CLANG_CXX_LANGUAGE_STANDARD = "gnu++14";
				CLANG_CXX_LIBRARY = "libc++";
				CLANG_ENABLE_MODULES = YES;
				CLANG_ENABLE_OBJC_ARC = YES;
				CLANG_WARN_BLOCK_CAPTURE_AUTORELEASING = YES;
				CLANG_WARN_BOOL_CONVERSION = YES;
				CLANG_WARN_COMMA = YES;
				CLANG_WARN_CONSTANT_CONVERSION = YES;
				CLANG_WARN_DEPRECATED_OBJC_IMPLEMENTATIONS = YES;
				CLANG_WARN_DIRECT_OBJC_ISA_USAGE = YES_ERROR;
				CLANG_WARN_DOCUMENTATION_COMMENTS = YES;
				CLANG_WARN_EMPTY_BODY = YES;
				CLANG_WARN_ENUM_CONVERSION = YES;
				CLANG_WARN_INFINITE_RECURSION = YES;
				CLANG_WARN_INT_CONVERSION = YES;
				CLANG_WARN_NON_LITERAL_NULL_CONVERSION = YES;
				CLANG_WARN_OBJC_IMPLICIT_RETAIN_SELF = YES;
				CLANG_WARN_OBJC_LITERAL_CONVERSION = YES;
				CLANG_WARN_OBJC_ROOT_CLASS = YES_ERROR;
				CLANG_WARN_RANGE_LOOP_ANALYSIS = YES;
				CLANG_WARN_STRICT_PROTOTYPES = YES;
				CLANG_WARN_SUSPICIOUS_MOVE = YES;
				CLANG_WARN_UNGUARDED_AVAILABILITY = YES_AGGRESSIVE;
				CLANG_WARN_UNREACHABLE_CODE = YES;
				CLANG_WARN__DUPLICATE_METHOD_MATCH = YES;
				CODE_SIGN_IDENTITY = "iPhone Developer";
				COPY_PHASE_STRIP = NO;
				DEBUG_INFORMATION_FORMAT = dwarf;
				ENABLE_STRICT_OBJC_MSGSEND = YES;
				ENABLE_TESTABILITY = YES;
				GCC_C_LANGUAGE_STANDARD = gnu11;
				GCC_DYNAMIC_NO_PIC = NO;
				GCC_NO_COMMON_BLOCKS = YES;
				GCC_OPTIMIZATION_LEVEL = 0;
				GCC_PREPROCESSOR_DEFINITIONS = (
					"DEBUG=1",
					"$(inherited)",
				);
				GCC_WARN_64_TO_32_BIT_CONVERSION = YES;
				GCC_WARN_ABOUT_RETURN_TYPE = YES_ERROR;
				GCC_WARN_UNDECLARED_SELECTOR = YES;
				GCC_WARN_UNINITIALIZED_AUTOS = YES_AGGRESSIVE;
				GCC_WARN_UNUSED_FUNCTION = YES;
				GCC_WARN_UNUSED_VARIABLE = YES;
				IPHONEOS_DEPLOYMENT_TARGET = 11.0;
				MTL_ENABLE_DEBUG_INFO = YES;
				ONLY_ACTIVE_ARCH = YES;
				SDKROOT = iphoneos;
				SWIFT_ACTIVE_COMPILATION_CONDITIONS = DEBUG;
				SWIFT_OPTIMIZATION_LEVEL = "-Onone";
			};
			name = Debug;
		};
		89BE42611EEF3A3E00433411 /* Release */ = {
			isa = XCBuildConfiguration;
			buildSettings = {
				ALWAYS_SEARCH_USER_PATHS = NO;
				CLANG_ANALYZER_NONNULL = YES;
				CLANG_ANALYZER_NUMBER_OBJECT_CONVERSION = YES_AGGRESSIVE;
				CLANG_CXX_LANGUAGE_STANDARD = "gnu++14";
				CLANG_CXX_LIBRARY = "libc++";
				CLANG_ENABLE_MODULES = YES;
				CLANG_ENABLE_OBJC_ARC = YES;
				CLANG_WARN_BLOCK_CAPTURE_AUTORELEASING = YES;
				CLANG_WARN_BOOL_CONVERSION = YES;
				CLANG_WARN_COMMA = YES;
				CLANG_WARN_CONSTANT_CONVERSION = YES;
				CLANG_WARN_DEPRECATED_OBJC_IMPLEMENTATIONS = YES;
				CLANG_WARN_DIRECT_OBJC_ISA_USAGE = YES_ERROR;
				CLANG_WARN_DOCUMENTATION_COMMENTS = YES;
				CLANG_WARN_EMPTY_BODY = YES;
				CLANG_WARN_ENUM_CONVERSION = YES;
				CLANG_WARN_INFINITE_RECURSION = YES;
				CLANG_WARN_INT_CONVERSION = YES;
				CLANG_WARN_NON_LITERAL_NULL_CONVERSION = YES;
				CLANG_WARN_OBJC_IMPLICIT_RETAIN_SELF = YES;
				CLANG_WARN_OBJC_LITERAL_CONVERSION = YES;
				CLANG_WARN_OBJC_ROOT_CLASS = YES_ERROR;
				CLANG_WARN_RANGE_LOOP_ANALYSIS = YES;
				CLANG_WARN_STRICT_PROTOTYPES = YES;
				CLANG_WARN_SUSPICIOUS_MOVE = YES;
				CLANG_WARN_UNGUARDED_AVAILABILITY = YES_AGGRESSIVE;
				CLANG_WARN_UNREACHABLE_CODE = YES;
				CLANG_WARN__DUPLICATE_METHOD_MATCH = YES;
				CODE_SIGN_IDENTITY = "iPhone Developer";
				COPY_PHASE_STRIP = NO;
				DEBUG_INFORMATION_FORMAT = "dwarf-with-dsym";
				ENABLE_NS_ASSERTIONS = NO;
				ENABLE_STRICT_OBJC_MSGSEND = YES;
				GCC_C_LANGUAGE_STANDARD = gnu11;
				GCC_NO_COMMON_BLOCKS = YES;
				GCC_WARN_64_TO_32_BIT_CONVERSION = YES;
				GCC_WARN_ABOUT_RETURN_TYPE = YES_ERROR;
				GCC_WARN_UNDECLARED_SELECTOR = YES;
				GCC_WARN_UNINITIALIZED_AUTOS = YES_AGGRESSIVE;
				GCC_WARN_UNUSED_FUNCTION = YES;
				GCC_WARN_UNUSED_VARIABLE = YES;
				IPHONEOS_DEPLOYMENT_TARGET = 11.0;
				MTL_ENABLE_DEBUG_INFO = NO;
				SDKROOT = iphoneos;
				SWIFT_OPTIMIZATION_LEVEL = "-Owholemodule";
				VALIDATE_PRODUCT = YES;
			};
			name = Release;
		};
		89BE42631EEF3A3E00433411 /* Debug */ = {
			isa = XCBuildConfiguration;
			buildSettings = {
				ASSETCATALOG_COMPILER_APPICON_NAME = AppIcon;
				DEVELOPMENT_TEAM = 9KQ3M594DV;
				INFOPLIST_FILE = "app-swoosh/Info.plist";
				LD_RUNPATH_SEARCH_PATHS = "$(inherited) @executable_path/Frameworks";
				PRODUCT_BUNDLE_IDENTIFIER = "tk.paradox42.block-buster";
				PRODUCT_NAME = "$(TARGET_NAME)";
				SWIFT_VERSION = 5.0;
				TARGETED_DEVICE_FAMILY = "1,2";
			};
			name = Debug;
		};
		89BE42641EEF3A3E00433411 /* Release */ = {
			isa = XCBuildConfiguration;
			buildSettings = {
				ASSETCATALOG_COMPILER_APPICON_NAME = AppIcon;
				DEVELOPMENT_TEAM = 9KQ3M594DV;
				INFOPLIST_FILE = "app-swoosh/Info.plist";
				LD_RUNPATH_SEARCH_PATHS = "$(inherited) @executable_path/Frameworks";
				PRODUCT_BUNDLE_IDENTIFIER = "tk.paradox42.block-buster";
				PRODUCT_NAME = "$(TARGET_NAME)";
				SWIFT_VERSION = 5.0;
				TARGETED_DEVICE_FAMILY = "1,2";
			};
			name = Release;
		};
/* End XCBuildConfiguration section */

/* Begin XCConfigurationList section */
		89BE424B1EEF3A3E00433411 /* Build configuration list for PBXProject "app-swoosh" */ = {
			isa = XCConfigurationList;
			buildConfigurations = (
				89BE42601EEF3A3E00433411 /* Debug */,
				89BE42611EEF3A3E00433411 /* Release */,
			);
			defaultConfigurationIsVisible = 0;
			defaultConfigurationName = Release;
		};
		89BE42621EEF3A3E00433411 /* Build configuration list for PBXNativeTarget "app-swoosh" */ = {
			isa = XCConfigurationList;
			buildConfigurations = (
				89BE42631EEF3A3E00433411 /* Debug */,
				89BE42641EEF3A3E00433411 /* Release */,
			);
			defaultConfigurationIsVisible = 0;
			defaultConfigurationName = Release;
		};
/* End XCConfigurationList section */
	};
	rootObject = 89BE42481EEF3A3E00433411 /* Project object */;
}
